
Microsoft Visual Studio Solution File, Format Version 12.00
# Visual Studio Version 16
VisualStudioVersion = 16.0.31005.135
MinimumVisualStudioVersion = 10.0.40219.1
Project("{FAE04EC0-301F-11D3-BF4B-00C04F79EFBC}") = "Projeto_Integrador", "Projeto_Integrador\Projeto_Integrador.csproj", "{A263CC67-D1AB-4959-9687-F4E2B1FE59EB}"
EndProject
Global
	GlobalSection(SolutionConfigurationPlatforms) = preSolution
		Debug|Any CPU = Debug|Any CPU
		Release|Any CPU = Release|Any CPU
	EndGlobalSection
	GlobalSection(ProjectConfigurationPlatforms) = postSolution
		{A263CC67-D1AB-4959-9687-F4E2B1FE59EB}.Debug|Any CPU.ActiveCfg = Debug|Any CPU
		{A263CC67-D1AB-4959-9687-F4E2B1FE59EB}.Debug|Any CPU.Build.0 = Debug|Any CPU
		{A263CC67-D1AB-4959-9687-F4E2B1FE59EB}.Release|Any CPU.ActiveCfg = Release|Any CPU
		{A263CC67-D1AB-4959-9687-F4E2B1FE59EB}.Release|Any CPU.Build.0 = Release|Any CPU
	EndGlobalSection
	GlobalSection(SolutionProperties) = preSolution
		HideSolutionNode = FALSE
	EndGlobalSection
	GlobalSection(ExtensibilityGlobals) = postSolution
		SolutionGuid = {5C4C294F-B73C-4216-875C-6F5AC1149AB8}
	EndGlobalSection
EndGlobal
